
Microsoft Visual Studio Solution File, Format Version 12.00
# Visual Studio Version 17
VisualStudioVersion = 17.13.35825.156 d17.13
MinimumVisualStudioVersion = 10.0.40219.1
Project("{FAE04EC0-301F-11D3-BF4B-00C04F79EFBC}") = "GroenKildeApi", "GroenKildeApi\GroenKildeApi.csproj", "{0FB04B86-670A-49F1-8BCB-A5269DED43AA}"
EndProject
Global
	GlobalSection(SolutionConfigurationPlatforms) = preSolution
		Debug|Any CPU = Debug|Any CPU
		Release|Any CPU = Release|Any CPU
	EndGlobalSection
	GlobalSection(ProjectConfigurationPlatforms) = postSolution
		{0FB04B86-670A-49F1-8BCB-A5269DED43AA}.Debug|Any CPU.ActiveCfg = Debug|Any CPU
		{0FB04B86-670A-49F1-8BCB-A5269DED43AA}.Debug|Any CPU.Build.0 = Debug|Any CPU
		{0FB04B86-670A-49F1-8BCB-A5269DED43AA}.Release|Any CPU.ActiveCfg = Release|Any CPU
		{0FB04B86-670A-49F1-8BCB-A5269DED43AA}.Release|Any CPU.Build.0 = Release|Any CPU
	EndGlobalSection
	GlobalSection(SolutionProperties) = preSolution
		HideSolutionNode = FALSE
	EndGlobalSection
	GlobalSection(ExtensibilityGlobals) = postSolution
		SolutionGuid = {A6E49434-EACD-4E3C-BFCB-034D7A85140A}
	EndGlobalSection
EndGlobal
